
Microsoft Visual Studio Solution File, Format Version 12.00
# Visual Studio Version 17
VisualStudioVersion = 17.12.35521.163 d17.12
MinimumVisualStudioVersion = 10.0.40219.1
Project("{FAE04EC0-301F-11D3-BF4B-00C04F79EFBC}") = "esports.Shared", "esports.Shared\esports.Shared.csproj", "{A5B2B3C5-E214-42D3-90D3-26DCB1B39569}"
EndProject
Project("{FAE04EC0-301F-11D3-BF4B-00C04F79EFBC}") = "esports.Web", "esports.Web\esports.Web.csproj", "{2AD80CAA-6117-40CA-83C2-FA3D433A025D}"
EndProject
Project("{FAE04EC0-301F-11D3-BF4B-00C04F79EFBC}") = "esports.Api", "esports.Api\esports.Api.csproj", "{63B54BF5-9C26-4841-9A23-2D43DC9E36D5}"
EndProject
Global
	GlobalSection(SolutionConfigurationPlatforms) = preSolution
		Debug|Any CPU = Debug|Any CPU
		Release|Any CPU = Release|Any CPU
	EndGlobalSection
	GlobalSection(ProjectConfigurationPlatforms) = postSolution
		{A5B2B3C5-E214-42D3-90D3-26DCB1B39569}.Debug|Any CPU.ActiveCfg = Debug|Any CPU
		{A5B2B3C5-E214-42D3-90D3-26DCB1B39569}.Debug|Any CPU.Build.0 = Debug|Any CPU
		{A5B2B3C5-E214-42D3-90D3-26DCB1B39569}.Release|Any CPU.ActiveCfg = Release|Any CPU
		{A5B2B3C5-E214-42D3-90D3-26DCB1B39569}.Release|Any CPU.Build.0 = Release|Any CPU
		{2AD80CAA-6117-40CA-83C2-FA3D433A025D}.Debug|Any CPU.ActiveCfg = Debug|Any CPU
		{2AD80CAA-6117-40CA-83C2-FA3D433A025D}.Debug|Any CPU.Build.0 = Debug|Any CPU
		{2AD80CAA-6117-40CA-83C2-FA3D433A025D}.Release|Any CPU.ActiveCfg = Release|Any CPU
		{2AD80CAA-6117-40CA-83C2-FA3D433A025D}.Release|Any CPU.Build.0 = Release|Any CPU
		{63B54BF5-9C26-4841-9A23-2D43DC9E36D5}.Debug|Any CPU.ActiveCfg = Debug|Any CPU
		{63B54BF5-9C26-4841-9A23-2D43DC9E36D5}.Debug|Any CPU.Build.0 = Debug|Any CPU
		{63B54BF5-9C26-4841-9A23-2D43DC9E36D5}.Release|Any CPU.ActiveCfg = Release|Any CPU
		{63B54BF5-9C26-4841-9A23-2D43DC9E36D5}.Release|Any CPU.Build.0 = Release|Any CPU
	EndGlobalSection
	GlobalSection(SolutionProperties) = preSolution
		HideSolutionNode = FALSE
	EndGlobalSection
EndGlobal
